
Microsoft Visual Studio Solution File, Format Version 12.00
# Visual Studio Version 17
VisualStudioVersion = 17.8.34511.84
MinimumVisualStudioVersion = 10.0.40219.1
Project("{FAE04EC0-301F-11D3-BF4B-00C04F79EFBC}") = "Bucle_contraseña", "Bucle_contraseña.csproj", "{5BD84224-416B-4A22-B205-C83547500DB8}"
EndProject
Global
	GlobalSection(SolutionConfigurationPlatforms) = preSolution
		Debug|Any CPU = Debug|Any CPU
		Release|Any CPU = Release|Any CPU
	EndGlobalSection
	GlobalSection(ProjectConfigurationPlatforms) = postSolution
		{5BD84224-416B-4A22-B205-C83547500DB8}.Debug|Any CPU.ActiveCfg = Debug|Any CPU
		{5BD84224-416B-4A22-B205-C83547500DB8}.Debug|Any CPU.Build.0 = Debug|Any CPU
		{5BD84224-416B-4A22-B205-C83547500DB8}.Release|Any CPU.ActiveCfg = Release|Any CPU
		{5BD84224-416B-4A22-B205-C83547500DB8}.Release|Any CPU.Build.0 = Release|Any CPU
	EndGlobalSection
	GlobalSection(SolutionProperties) = preSolution
		HideSolutionNode = FALSE
	EndGlobalSection
	GlobalSection(ExtensibilityGlobals) = postSolution
		SolutionGuid = {5007C820-1816-4966-81BA-77C3A2DD2D77}
	EndGlobalSection
EndGlobal
